// !$*UTF8*$!
{
	archiveVersion = 1;
	classes = {
	};
	objectVersion = 46;
	objects = {

/* Begin PBXBuildFile section */
		7C653BA31653BF1300957E49 /* UIKit.framework in Frameworks */ = {isa = PBXBuildFile; fileRef = 7C653BA21653BF1300957E49 /* UIKit.framework */; };
		7C653BA51653BF1300957E49 /* Foundation.framework in Frameworks */ = {isa = PBXBuildFile; fileRef = 7C653BA41653BF1300957E49 /* Foundation.framework */; };
		7C653BA71653BF1300957E49 /* CoreGraphics.framework in Frameworks */ = {isa = PBXBuildFile; fileRef = 7C653BA61653BF1300957E49 /* CoreGraphics.framework */; };
		7C653BAD1653BF1300957E49 /* InfoPlist.strings in Resources */ = {isa = PBXBuildFile; fileRef = 7C653BAB1653BF1300957E49 /* InfoPlist.strings */; };
		7C653BAF1653BF1300957E49 /* main.m in Sources */ = {isa = PBXBuildFile; fileRef = 7C653BAE1653BF1300957E49 /* main.m */; };
		7C653BB31653BF1300957E49 /* AMAppDelegate.m in Sources */ = {isa = PBXBuildFile; fileRef = 7C653BB21653BF1300957E49 /* AMAppDelegate.m */; };
		7C653BB51653BF1300957E49 /* Default.png in Resources */ = {isa = PBXBuildFile; fileRef = 7C653BB41653BF1300957E49 /* Default.png */; };
		7C653BB71653BF1300957E49 /* Default@2x.png in Resources */ = {isa = PBXBuildFile; fileRef = 7C653BB61653BF1300957E49 /* Default@2x.png */; };
		7C653BB91653BF1300957E49 /* Default-568h@2x.png in Resources */ = {isa = PBXBuildFile; fileRef = 7C653BB81653BF1300957E49 /* Default-568h@2x.png */; };
		7C653BCC1653C5D200957E49 /* AMMacros.m in Sources */ = {isa = PBXBuildFile; fileRef = 7C653BC51653C5D200957E49 /* AMMacros.m */; };
		7C653BCD1653C5D200957E49 /* AMMarkupParser.m in Sources */ = {isa = PBXBuildFile; fileRef = 7C653BC71653C5D200957E49 /* AMMarkupParser.m */; };
		7C653BCE1653C5D200957E49 /* AMSearchRequest.m in Sources */ = {isa = PBXBuildFile; fileRef = 7C653BC91653C5D200957E49 /* AMSearchRequest.m */; };
		7C653BCF1653C5D200957E49 /* AMSearchResult.m in Sources */ = {isa = PBXBuildFile; fileRef = 7C653BCB1653C5D200957E49 /* AMSearchResult.m */; };
		7C653BD31653CF6C00957E49 /* AMSearchField.m in Sources */ = {isa = PBXBuildFile; fileRef = 7C653BD21653CF6C00957E49 /* AMSearchField.m */; };
		7C653BD91653D08A00957E49 /* accessory_search.png in Resources */ = {isa = PBXBuildFile; fileRef = 7C653BD51653D08A00957E49 /* accessory_search.png */; };
		7C653BDA1653D08A00957E49 /* accessory_search@2x.png in Resources */ = {isa = PBXBuildFile; fileRef = 7C653BD61653D08A00957E49 /* accessory_search@2x.png */; };
		7C653BDB1653D08A00957E49 /* search_bar_border.png in Resources */ = {isa = PBXBuildFile; fileRef = 7C653BD71653D08A00957E49 /* search_bar_border.png */; };
		7C653BDC1653D08A00957E49 /* search_bar_border@2x.png in Resources */ = {isa = PBXBuildFile; fileRef = 7C653BD81653D08A00957E49 /* search_bar_border@2x.png */; };
		7C653BDF1653D1EA00957E49 /* AMSearchBar.m in Sources */ = {isa = PBXBuildFile; fileRef = 7C653BDE1653D1EA00957E49 /* AMSearchBar.m */; };
		7C653BE61653D2D400957E49 /* bar_bg.png in Resources */ = {isa = PBXBuildFile; fileRef = 7C653BE01653D2D400957E49 /* bar_bg.png */; };
		7C653BE71653D2D400957E49 /* bar_bg@2x.png in Resources */ = {isa = PBXBuildFile; fileRef = 7C653BE11653D2D400957E49 /* bar_bg@2x.png */; };
		7C653BE81653D2D400957E49 /* bar_flat_bg.png in Resources */ = {isa = PBXBuildFile; fileRef = 7C653BE21653D2D400957E49 /* bar_flat_bg.png */; };
		7C653BED1653D3A500957E49 /* CoreText.framework in Frameworks */ = {isa = PBXBuildFile; fileRef = 7C653BEC1653D3A500957E49 /* CoreText.framework */; };
		7C8CD13316772D4A00578E69 /* button_mask_inverse.png in Resources */ = {isa = PBXBuildFile; fileRef = 7C8CD12B16772D4A00578E69 /* button_mask_inverse.png */; };
		7C8CD13416772D4A00578E69 /* button_mask_inverse@2x.png in Resources */ = {isa = PBXBuildFile; fileRef = 7C8CD12C16772D4A00578E69 /* button_mask_inverse@2x.png */; };
		7C8CD13716772D4A00578E69 /* button_pressed.png in Resources */ = {isa = PBXBuildFile; fileRef = 7C8CD12F16772D4A00578E69 /* button_pressed.png */; };
		7C8CD13816772D4A00578E69 /* button_pressed@2x.png in Resources */ = {isa = PBXBuildFile; fileRef = 7C8CD13016772D4A00578E69 /* button_pressed@2x.png */; };
		7C8CD13916772D4A00578E69 /* button.png in Resources */ = {isa = PBXBuildFile; fileRef = 7C8CD13116772D4A00578E69 /* button.png */; };
		7C8CD13A16772D4A00578E69 /* button@2x.png in Resources */ = {isa = PBXBuildFile; fileRef = 7C8CD13216772D4A00578E69 /* button@2x.png */; };
		7C8CD13D1677336900578E69 /* Localizable.strings in Resources */ = {isa = PBXBuildFile; fileRef = 7C8CD13B1677336900578E69 /* Localizable.strings */; };
		7C8CD14B16774F0F00578E69 /* SIOViewController.m in Sources */ = {isa = PBXBuildFile; fileRef = 7C8CD14916774F0F00578E69 /* SIOViewController.m */; };
		7C8CD14C16774F0F00578E69 /* SIOViewController.xib in Resources */ = {isa = PBXBuildFile; fileRef = 7C8CD14A16774F0F00578E69 /* SIOViewController.xib */; };
		7CF93FFF167773F200CA6CCD /* UIColor+SIO.m in Sources */ = {isa = PBXBuildFile; fileRef = 7CF93FFC167773F200CA6CCD /* UIColor+SIO.m */; };
		7CF94000167773F200CA6CCD /* UIImage+SIOButton.m in Sources */ = {isa = PBXBuildFile; fileRef = 7CF93FFE167773F200CA6CCD /* UIImage+SIOButton.m */; };
/* End PBXBuildFile section */

/* Begin PBXFileReference section */
		7C653B9E1653BF1300957E49 /* suggest_ios.app */ = {isa = PBXFileReference; explicitFileType = wrapper.application; includeInIndex = 0; path = suggest_ios.app; sourceTree = BUILT_PRODUCTS_DIR; };
		7C653BA21653BF1300957E49 /* UIKit.framework */ = {isa = PBXFileReference; lastKnownFileType = wrapper.framework; name = UIKit.framework; path = System/Library/Frameworks/UIKit.framework; sourceTree = SDKROOT; };
		7C653BA41653BF1300957E49 /* Foundation.framework */ = {isa = PBXFileReference; lastKnownFileType = wrapper.framework; name = Foundation.framework; path = System/Library/Frameworks/Foundation.framework; sourceTree = SDKROOT; };
		7C653BA61653BF1300957E49 /* CoreGraphics.framework */ = {isa = PBXFileReference; lastKnownFileType = wrapper.framework; name = CoreGraphics.framework; path = System/Library/Frameworks/CoreGraphics.framework; sourceTree = SDKROOT; };
		7C653BAA1653BF1300957E49 /* suggest_ios-Info.plist */ = {isa = PBXFileReference; lastKnownFileType = text.plist.xml; path = "suggest_ios-Info.plist"; sourceTree = "<group>"; };
		7C653BAC1653BF1300957E49 /* en */ = {isa = PBXFileReference; lastKnownFileType = text.plist.strings; name = en; path = en.lproj/InfoPlist.strings; sourceTree = "<group>"; };
		7C653BAE1653BF1300957E49 /* main.m */ = {isa = PBXFileReference; lastKnownFileType = sourcecode.c.objc; path = main.m; sourceTree = "<group>"; };
		7C653BB01653BF1300957E49 /* suggest_ios-Prefix.pch */ = {isa = PBXFileReference; lastKnownFileType = sourcecode.c.h; path = "suggest_ios-Prefix.pch"; sourceTree = "<group>"; };
		7C653BB11653BF1300957E49 /* AMAppDelegate.h */ = {isa = PBXFileReference; lastKnownFileType = sourcecode.c.h; path = AMAppDelegate.h; sourceTree = "<group>"; };
		7C653BB21653BF1300957E49 /* AMAppDelegate.m */ = {isa = PBXFileReference; lastKnownFileType = sourcecode.c.objc; path = AMAppDelegate.m; sourceTree = "<group>"; };
		7C653BB41653BF1300957E49 /* Default.png */ = {isa = PBXFileReference; lastKnownFileType = image.png; path = Default.png; sourceTree = "<group>"; };
		7C653BB61653BF1300957E49 /* Default@2x.png */ = {isa = PBXFileReference; lastKnownFileType = image.png; path = "Default@2x.png"; sourceTree = "<group>"; };
		7C653BB81653BF1300957E49 /* Default-568h@2x.png */ = {isa = PBXFileReference; lastKnownFileType = image.png; path = "Default-568h@2x.png"; sourceTree = "<group>"; };
		7C653BC41653C5D200957E49 /* AMMacros.h */ = {isa = PBXFileReference; fileEncoding = 4; lastKnownFileType = sourcecode.c.h; path = AMMacros.h; sourceTree = "<group>"; };
		7C653BC51653C5D200957E49 /* AMMacros.m */ = {isa = PBXFileReference; fileEncoding = 4; lastKnownFileType = sourcecode.c.objc; path = AMMacros.m; sourceTree = "<group>"; };
		7C653BC61653C5D200957E49 /* AMMarkupParser.h */ = {isa = PBXFileReference; fileEncoding = 4; lastKnownFileType = sourcecode.c.h; path = AMMarkupParser.h; sourceTree = "<group>"; };
		7C653BC71653C5D200957E49 /* AMMarkupParser.m */ = {isa = PBXFileReference; fileEncoding = 4; lastKnownFileType = sourcecode.c.objc; path = AMMarkupParser.m; sourceTree = "<group>"; };
		7C653BC81653C5D200957E49 /* AMSearchRequest.h */ = {isa = PBXFileReference; fileEncoding = 4; lastKnownFileType = sourcecode.c.h; path = AMSearchRequest.h; sourceTree = "<group>"; };
		7C653BC91653C5D200957E49 /* AMSearchRequest.m */ = {isa = PBXFileReference; fileEncoding = 4; lastKnownFileType = sourcecode.c.objc; path = AMSearchRequest.m; sourceTree = "<group>"; };
		7C653BCA1653C5D200957E49 /* AMSearchResult.h */ = {isa = PBXFileReference; fileEncoding = 4; lastKnownFileType = sourcecode.c.h; path = AMSearchResult.h; sourceTree = "<group>"; };
		7C653BCB1653C5D200957E49 /* AMSearchResult.m */ = {isa = PBXFileReference; fileEncoding = 4; lastKnownFileType = sourcecode.c.objc; path = AMSearchResult.m; sourceTree = "<group>"; };
		7C653BD11653CF6C00957E49 /* AMSearchField.h */ = {isa = PBXFileReference; fileEncoding = 4; lastKnownFileType = sourcecode.c.h; path = AMSearchField.h; sourceTree = "<group>"; };
		7C653BD21653CF6C00957E49 /* AMSearchField.m */ = {isa = PBXFileReference; fileEncoding = 4; lastKnownFileType = sourcecode.c.objc; path = AMSearchField.m; sourceTree = "<group>"; };
		7C653BD51653D08A00957E49 /* accessory_search.png */ = {isa = PBXFileReference; lastKnownFileType = image.png; path = accessory_search.png; sourceTree = "<group>"; };
		7C653BD61653D08A00957E49 /* accessory_search@2x.png */ = {isa = PBXFileReference; lastKnownFileType = image.png; path = "accessory_search@2x.png"; sourceTree = "<group>"; };
		7C653BD71653D08A00957E49 /* search_bar_border.png */ = {isa = PBXFileReference; lastKnownFileType = image.png; path = search_bar_border.png; sourceTree = "<group>"; };
		7C653BD81653D08A00957E49 /* search_bar_border@2x.png */ = {isa = PBXFileReference; lastKnownFileType = image.png; path = "search_bar_border@2x.png"; sourceTree = "<group>"; };
		7C653BDD1653D1EA00957E49 /* AMSearchBar.h */ = {isa = PBXFileReference; fileEncoding = 4; lastKnownFileType = sourcecode.c.h; path = AMSearchBar.h; sourceTree = "<group>"; };
		7C653BDE1653D1EA00957E49 /* AMSearchBar.m */ = {isa = PBXFileReference; fileEncoding = 4; lastKnownFileType = sourcecode.c.objc; path = AMSearchBar.m; sourceTree = "<group>"; };
		7C653BE01653D2D400957E49 /* bar_bg.png */ = {isa = PBXFileReference; lastKnownFileType = image.png; path = bar_bg.png; sourceTree = "<group>"; };
		7C653BE11653D2D400957E49 /* bar_bg@2x.png */ = {isa = PBXFileReference; lastKnownFileType = image.png; path = "bar_bg@2x.png"; sourceTree = "<group>"; };
		7C653BE21653D2D400957E49 /* bar_flat_bg.png */ = {isa = PBXFileReference; lastKnownFileType = image.png; path = bar_flat_bg.png; sourceTree = "<group>"; };
		7C653BEC1653D3A500957E49 /* CoreText.framework */ = {isa = PBXFileReference; lastKnownFileType = wrapper.framework; name = CoreText.framework; path = System/Library/Frameworks/CoreText.framework; sourceTree = SDKROOT; };
		7C8CD12B16772D4A00578E69 /* button_mask_inverse.png */ = {isa = PBXFileReference; lastKnownFileType = image.png; path = button_mask_inverse.png; sourceTree = "<group>"; };
		7C8CD12C16772D4A00578E69 /* button_mask_inverse@2x.png */ = {isa = PBXFileReference; lastKnownFileType = image.png; path = "button_mask_inverse@2x.png"; sourceTree = "<group>"; };
		7C8CD12F16772D4A00578E69 /* button_pressed.png */ = {isa = PBXFileReference; lastKnownFileType = image.png; path = button_pressed.png; sourceTree = "<group>"; };
		7C8CD13016772D4A00578E69 /* button_pressed@2x.png */ = {isa = PBXFileReference; lastKnownFileType = image.png; path = "button_pressed@2x.png"; sourceTree = "<group>"; };
		7C8CD13116772D4A00578E69 /* button.png */ = {isa = PBXFileReference; lastKnownFileType = image.png; path = button.png; sourceTree = "<group>"; };
		7C8CD13216772D4A00578E69 /* button@2x.png */ = {isa = PBXFileReference; lastKnownFileType = image.png; path = "button@2x.png"; sourceTree = "<group>"; };
		7C8CD13C1677336900578E69 /* en */ = {isa = PBXFileReference; lastKnownFileType = text.plist.strings; name = en; path = en.lproj/Localizable.strings; sourceTree = "<group>"; };
		7C8CD13E1677338D00578E69 /* ru */ = {isa = PBXFileReference; lastKnownFileType = text.plist.strings; name = ru; path = ru.lproj/Localizable.strings; sourceTree = "<group>"; };
		7C8CD13F1677344400578E69 /* ru */ = {isa = PBXFileReference; lastKnownFileType = text.plist.strings; name = ru; path = ru.lproj/InfoPlist.strings; sourceTree = "<group>"; };
		7C8CD14816774F0F00578E69 /* SIOViewController.h */ = {isa = PBXFileReference; fileEncoding = 4; lastKnownFileType = sourcecode.c.h; path = SIOViewController.h; sourceTree = "<group>"; };
		7C8CD14916774F0F00578E69 /* SIOViewController.m */ = {isa = PBXFileReference; fileEncoding = 4; lastKnownFileType = sourcecode.c.objc; path = SIOViewController.m; sourceTree = "<group>"; };
		7C8CD14A16774F0F00578E69 /* SIOViewController.xib */ = {isa = PBXFileReference; fileEncoding = 4; lastKnownFileType = file.xib; path = SIOViewController.xib; sourceTree = "<group>"; };
		7CF93FFB167773F200CA6CCD /* UIColor+SIO.h */ = {isa = PBXFileReference; fileEncoding = 4; lastKnownFileType = sourcecode.c.h; path = "UIColor+SIO.h"; sourceTree = "<group>"; };
		7CF93FFC167773F200CA6CCD /* UIColor+SIO.m */ = {isa = PBXFileReference; fileEncoding = 4; lastKnownFileType = sourcecode.c.objc; path = "UIColor+SIO.m"; sourceTree = "<group>"; };
		7CF93FFD167773F200CA6CCD /* UIImage+SIOButton.h */ = {isa = PBXFileReference; fileEncoding = 4; lastKnownFileType = sourcecode.c.h; path = "UIImage+SIOButton.h"; sourceTree = "<group>"; };
		7CF93FFE167773F200CA6CCD /* UIImage+SIOButton.m */ = {isa = PBXFileReference; fileEncoding = 4; lastKnownFileType = sourcecode.c.objc; path = "UIImage+SIOButton.m"; sourceTree = "<group>"; };
/* End PBXFileReference section */

/* Begin PBXFrameworksBuildPhase section */
		7C653B9B1653BF1300957E49 /* Frameworks */ = {
			isa = PBXFrameworksBuildPhase;
			buildActionMask = 2147483647;
			files = (
				7C653BED1653D3A500957E49 /* CoreText.framework in Frameworks */,
				7C653BA31653BF1300957E49 /* UIKit.framework in Frameworks */,
				7C653BA51653BF1300957E49 /* Foundation.framework in Frameworks */,
				7C653BA71653BF1300957E49 /* CoreGraphics.framework in Frameworks */,
			);
			runOnlyForDeploymentPostprocessing = 0;
		};
/* End PBXFrameworksBuildPhase section */

/* Begin PBXGroup section */
		7C653B931653BF1300957E49 = {
			isa = PBXGroup;
			children = (
				7C653BC31653C5D200957E49 /* suggest_ios */,
				7C653BA81653BF1300957E49 /* Sugges.ios Example */,
				7C653BA11653BF1300957E49 /* Frameworks */,
				7C653B9F1653BF1300957E49 /* Products */,
			);
			sourceTree = "<group>";
		};
		7C653B9F1653BF1300957E49 /* Products */ = {
			isa = PBXGroup;
			children = (
				7C653B9E1653BF1300957E49 /* suggest_ios.app */,
			);
			name = Products;
			sourceTree = "<group>";
		};
		7C653BA11653BF1300957E49 /* Frameworks */ = {
			isa = PBXGroup;
			children = (
				7C653BA61653BF1300957E49 /* CoreGraphics.framework */,
				7C653BEC1653D3A500957E49 /* CoreText.framework */,
				7C653BA41653BF1300957E49 /* Foundation.framework */,
				7C653BA21653BF1300957E49 /* UIKit.framework */,
			);
			name = Frameworks;
			sourceTree = "<group>";
		};
		7C653BA81653BF1300957E49 /* Sugges.ios Example */ = {
			isa = PBXGroup;
			children = (
				7C653BB11653BF1300957E49 /* AMAppDelegate.h */,
				7C653BB21653BF1300957E49 /* AMAppDelegate.m */,
				7C8CD14816774F0F00578E69 /* SIOViewController.h */,
				7C8CD14916774F0F00578E69 /* SIOViewController.m */,
				7C8CD14A16774F0F00578E69 /* SIOViewController.xib */,
				7C653BA91653BF1300957E49 /* Supporting Files */,
			);
			name = "Sugges.ios Example";
			path = suggest_ios;
			sourceTree = "<group>";
		};
		7C653BA91653BF1300957E49 /* Supporting Files */ = {
			isa = PBXGroup;
			children = (
				7C653BAE1653BF1300957E49 /* main.m */,
				7C653BB01653BF1300957E49 /* suggest_ios-Prefix.pch */,
				7C653BAA1653BF1300957E49 /* suggest_ios-Info.plist */,
				7C653BB81653BF1300957E49 /* Default-568h@2x.png */,
				7C653BB41653BF1300957E49 /* Default.png */,
				7C653BB61653BF1300957E49 /* Default@2x.png */,
				7C653BAB1653BF1300957E49 /* InfoPlist.strings */,
			);
			name = "Supporting Files";
			sourceTree = "<group>";
		};
		7C653BC31653C5D200957E49 /* suggest_ios */ = {
			isa = PBXGroup;
			children = (
				7CF93FFB167773F200CA6CCD /* UIColor+SIO.h */,
				7CF93FFC167773F200CA6CCD /* UIColor+SIO.m */,
				7CF93FFD167773F200CA6CCD /* UIImage+SIOButton.h */,
				7CF93FFE167773F200CA6CCD /* UIImage+SIOButton.m */,
				7C653BC41653C5D200957E49 /* AMMacros.h */,
				7C653BC51653C5D200957E49 /* AMMacros.m */,
				7C653BC61653C5D200957E49 /* AMMarkupParser.h */,
				7C653BC71653C5D200957E49 /* AMMarkupParser.m */,
				7C653BDD1653D1EA00957E49 /* AMSearchBar.h */,
				7C653BDE1653D1EA00957E49 /* AMSearchBar.m */,
				7C653BD11653CF6C00957E49 /* AMSearchField.h */,
				7C653BD21653CF6C00957E49 /* AMSearchField.m */,
				7C653BC81653C5D200957E49 /* AMSearchRequest.h */,
				7C653BC91653C5D200957E49 /* AMSearchRequest.m */,
				7C653BCA1653C5D200957E49 /* AMSearchResult.h */,
				7C653BCB1653C5D200957E49 /* AMSearchResult.m */,
				7C653BD41653D01000957E49 /* images */,
				7C8CD13B1677336900578E69 /* Localizable.strings */,
			);
			name = suggest_ios;
			path = ../suggest_ios;
			sourceTree = "<group>";
		};
		7C653BD41653D01000957E49 /* images */ = {
			isa = PBXGroup;
			children = (
				7C653BD51653D08A00957E49 /* accessory_search.png */,
				7C653BD61653D08A00957E49 /* accessory_search@2x.png */,
				7C653BE01653D2D400957E49 /* bar_bg.png */,
				7C653BE11653D2D400957E49 /* bar_bg@2x.png */,
				7C653BE21653D2D400957E49 /* bar_flat_bg.png */,
				7C8CD13116772D4A00578E69 /* button.png */,
				7C8CD13216772D4A00578E69 /* button@2x.png */,
				7C8CD12B16772D4A00578E69 /* button_mask_inverse.png */,
				7C8CD12C16772D4A00578E69 /* button_mask_inverse@2x.png */,
				7C8CD12F16772D4A00578E69 /* button_pressed.png */,
				7C8CD13016772D4A00578E69 /* button_pressed@2x.png */,
				7C653BD71653D08A00957E49 /* search_bar_border.png */,
				7C653BD81653D08A00957E49 /* search_bar_border@2x.png */,
			);
			path = images;
			sourceTree = "<group>";
		};
/* End PBXGroup section */

/* Begin PBXNativeTarget section */
		7C653B9D1653BF1300957E49 /* suggest_ios */ = {
			isa = PBXNativeTarget;
			buildConfigurationList = 7C653BBC1653BF1300957E49 /* Build configuration list for PBXNativeTarget "suggest_ios" */;
			buildPhases = (
				7C653B9A1653BF1300957E49 /* Sources */,
				7C653B9B1653BF1300957E49 /* Frameworks */,
				7C653B9C1653BF1300957E49 /* Resources */,
			);
			buildRules = (
			);
			dependencies = (
			);
			name = suggest_ios;
			productName = suggest_ios;
			productReference = 7C653B9E1653BF1300957E49 /* suggest_ios.app */;
			productType = "com.apple.product-type.application";
		};
/* End PBXNativeTarget section */

/* Begin PBXProject section */
		7C653B951653BF1300957E49 /* Project object */ = {
			isa = PBXProject;
			attributes = {
				CLASSPREFIX = AM;
				LastUpgradeCheck = 0450;
				ORGANIZATIONNAME = "Andrey Yurkevich";
			};
			buildConfigurationList = 7C653B981653BF1300957E49 /* Build configuration list for PBXProject "suggest_ios" */;
			compatibilityVersion = "Xcode 3.2";
			developmentRegion = English;
			hasScannedForEncodings = 0;
			knownRegions = (
				en,
				ru,
			);
			mainGroup = 7C653B931653BF1300957E49;
			productRefGroup = 7C653B9F1653BF1300957E49 /* Products */;
			projectDirPath = "";
			projectRoot = "";
			targets = (
				7C653B9D1653BF1300957E49 /* suggest_ios */,
			);
		};
/* End PBXProject section */

/* Begin PBXResourcesBuildPhase section */
		7C653B9C1653BF1300957E49 /* Resources */ = {
			isa = PBXResourcesBuildPhase;
			buildActionMask = 2147483647;
			files = (
				7C653BAD1653BF1300957E49 /* InfoPlist.strings in Resources */,
				7C653BB51653BF1300957E49 /* Default.png in Resources */,
				7C653BB71653BF1300957E49 /* Default@2x.png in Resources */,
				7C653BB91653BF1300957E49 /* Default-568h@2x.png in Resources */,
				7C653BD91653D08A00957E49 /* accessory_search.png in Resources */,
				7C653BDA1653D08A00957E49 /* accessory_search@2x.png in Resources */,
				7C653BDB1653D08A00957E49 /* search_bar_border.png in Resources */,
				7C653BDC1653D08A00957E49 /* search_bar_border@2x.png in Resources */,
				7C653BE61653D2D400957E49 /* bar_bg.png in Resources */,
				7C653BE71653D2D400957E49 /* bar_bg@2x.png in Resources */,
				7C653BE81653D2D400957E49 /* bar_flat_bg.png in Resources */,
				7C8CD13316772D4A00578E69 /* button_mask_inverse.png in Resources */,
				7C8CD13416772D4A00578E69 /* button_mask_inverse@2x.png in Resources */,
				7C8CD13716772D4A00578E69 /* button_pressed.png in Resources */,
				7C8CD13816772D4A00578E69 /* button_pressed@2x.png in Resources */,
				7C8CD13916772D4A00578E69 /* button.png in Resources */,
				7C8CD13A16772D4A00578E69 /* button@2x.png in Resources */,
				7C8CD13D1677336900578E69 /* Localizable.strings in Resources */,
				7C8CD14C16774F0F00578E69 /* SIOViewController.xib in Resources */,
			);
			runOnlyForDeploymentPostprocessing = 0;
		};
/* End PBXResourcesBuildPhase section */

/* Begin PBXSourcesBuildPhase section */
		7C653B9A1653BF1300957E49 /* Sources */ = {
			isa = PBXSourcesBuildPhase;
			buildActionMask = 2147483647;
			files = (
				7C653BAF1653BF1300957E49 /* main.m in Sources */,
				7C653BB31653BF1300957E49 /* AMAppDelegate.m in Sources */,
				7C653BCC1653C5D200957E49 /* AMMacros.m in Sources */,
				7C653BCD1653C5D200957E49 /* AMMarkupParser.m in Sources */,
				7C653BCE1653C5D200957E49 /* AMSearchRequest.m in Sources */,
				7C653BCF1653C5D200957E49 /* AMSearchResult.m in Sources */,
				7C653BD31653CF6C00957E49 /* AMSearchField.m in Sources */,
				7C653BDF1653D1EA00957E49 /* AMSearchBar.m in Sources */,
				7C8CD14B16774F0F00578E69 /* SIOViewController.m in Sources */,
				7CF93FFF167773F200CA6CCD /* UIColor+SIO.m in Sources */,
				7CF94000167773F200CA6CCD /* UIImage+SIOButton.m in Sources */,
			);
			runOnlyForDeploymentPostprocessing = 0;
		};
/* End PBXSourcesBuildPhase section */

/* Begin PBXVariantGroup section */
		7C653BAB1653BF1300957E49 /* InfoPlist.strings */ = {
			isa = PBXVariantGroup;
			children = (
				7C653BAC1653BF1300957E49 /* en */,
				7C8CD13F1677344400578E69 /* ru */,
			);
			name = InfoPlist.strings;
			sourceTree = "<group>";
		};
		7C8CD13B1677336900578E69 /* Localizable.strings */ = {
			isa = PBXVariantGroup;
			children = (
				7C8CD13C1677336900578E69 /* en */,
				7C8CD13E1677338D00578E69 /* ru */,
			);
			name = Localizable.strings;
			sourceTree = "<group>";
		};
/* End PBXVariantGroup section */

/* Begin XCBuildConfiguration section */
		7C653BBA1653BF1300957E49 /* Debug */ = {
			isa = XCBuildConfiguration;
			buildSettings = {
				ALWAYS_SEARCH_USER_PATHS = NO;
				CLANG_CXX_LANGUAGE_STANDARD = "gnu++0x";
				CLANG_CXX_LIBRARY = "libc++";
				CLANG_ENABLE_OBJC_ARC = YES;
				CLANG_WARN_EMPTY_BODY = YES;
				CLANG_WARN__DUPLICATE_METHOD_MATCH = YES;
				"CODE_SIGN_IDENTITY[sdk=iphoneos*]" = "iPhone Developer";
				COPY_PHASE_STRIP = NO;
				GCC_C_LANGUAGE_STANDARD = gnu99;
				GCC_DYNAMIC_NO_PIC = NO;
				GCC_OPTIMIZATION_LEVEL = 0;
				GCC_PREPROCESSOR_DEFINITIONS = (
					"DEBUG=1",
					"$(inherited)",
				);
				GCC_SYMBOLS_PRIVATE_EXTERN = NO;
				GCC_WARN_ABOUT_RETURN_TYPE = YES;
				GCC_WARN_UNINITIALIZED_AUTOS = YES;
				GCC_WARN_UNUSED_VARIABLE = YES;
				IPHONEOS_DEPLOYMENT_TARGET = 5.0;
				ONLY_ACTIVE_ARCH = YES;
				SDKROOT = iphoneos;
				TARGETED_DEVICE_FAMILY = 1;
			};
			name = Debug;
		};
		7C653BBB1653BF1300957E49 /* Release */ = {
			isa = XCBuildConfiguration;
			buildSettings = {
				ALWAYS_SEARCH_USER_PATHS = NO;
				CLANG_CXX_LANGUAGE_STANDARD = "gnu++0x";
				CLANG_CXX_LIBRARY = "libc++";
				CLANG_ENABLE_OBJC_ARC = YES;
				CLANG_WARN_EMPTY_BODY = YES;
				CLANG_WARN__DUPLICATE_METHOD_MATCH = YES;
				"CODE_SIGN_IDENTITY[sdk=iphoneos*]" = "iPhone Developer";
				COPY_PHASE_STRIP = YES;
				GCC_C_LANGUAGE_STANDARD = gnu99;
				GCC_WARN_ABOUT_RETURN_TYPE = YES;
				GCC_WARN_UNINITIALIZED_AUTOS = YES;
				GCC_WARN_UNUSED_VARIABLE = YES;
				IPHONEOS_DEPLOYMENT_TARGET = 5.0;
				OTHER_CFLAGS = "-DNS_BLOCK_ASSERTIONS=1";
				SDKROOT = iphoneos;
				TARGETED_DEVICE_FAMILY = 1;
				VALIDATE_PRODUCT = YES;
			};
			name = Release;
		};
		7C653BBD1653BF1300957E49 /* Debug */ = {
			isa = XCBuildConfiguration;
			buildSettings = {
				GCC_PRECOMPILE_PREFIX_HEADER = YES;
				GCC_PREFIX_HEADER = "suggest_ios/suggest_ios-Prefix.pch";
				INFOPLIST_FILE = "suggest_ios/suggest_ios-Info.plist";
				IPHONEOS_DEPLOYMENT_TARGET = 5.0;
				PRODUCT_NAME = "$(TARGET_NAME)";
				TARGETED_DEVICE_FAMILY = 1;
				WRAPPER_EXTENSION = app;
			};
			name = Debug;
		};
		7C653BBE1653BF1300957E49 /* Release */ = {
			isa = XCBuildConfiguration;
			buildSettings = {
				GCC_PRECOMPILE_PREFIX_HEADER = YES;
				GCC_PREFIX_HEADER = "suggest_ios/suggest_ios-Prefix.pch";
				INFOPLIST_FILE = "suggest_ios/suggest_ios-Info.plist";
				IPHONEOS_DEPLOYMENT_TARGET = 5.0;
				PRODUCT_NAME = "$(TARGET_NAME)";
				TARGETED_DEVICE_FAMILY = 1;
				WRAPPER_EXTENSION = app;
			};
			name = Release;
		};
/* End XCBuildConfiguration section */

/* Begin XCConfigurationList section */
		7C653B981653BF1300957E49 /* Build configuration list for PBXProject "suggest_ios" */ = {
			isa = XCConfigurationList;
			buildConfigurations = (
				7C653BBA1653BF1300957E49 /* Debug */,
				7C653BBB1653BF1300957E49 /* Release */,
			);
			defaultConfigurationIsVisible = 0;
			defaultConfigurationName = Release;
		};
		7C653BBC1653BF1300957E49 /* Build configuration list for PBXNativeTarget "suggest_ios" */ = {
			isa = XCConfigurationList;
			buildConfigurations = (
				7C653BBD1653BF1300957E49 /* Debug */,
				7C653BBE1653BF1300957E49 /* Release */,
			);
			defaultConfigurationIsVisible = 0;
			defaultConfigurationName = Release;
		};
/* End XCConfigurationList section */
	};
	rootObject = 7C653B951653BF1300957E49 /* Project object */;
}
